
Microsoft Visual Studio Solution File, Format Version 12.00
# Visual Studio Version 16
VisualStudioVersion = 16.0.31729.503
MinimumVisualStudioVersion = 10.0.40219.1
Project("{9A19103F-16F7-4668-BE54-9A1E7A4F7556}") = "RomanMaths", "RomanMaths\RomanMaths.csproj", "{EE426831-EFA4-4C74-AB62-ABF6BF8A72FB}"
EndProject
Project("{FAE04EC0-301F-11D3-BF4B-00C04F79EFBC}") = "WinFormsApp1", "WinFormsApp1\WinFormsApp1.csproj", "{0B5C337B-02F6-4527-B76F-4F47E70E5E6D}"
EndProject
Global
	GlobalSection(SolutionConfigurationPlatforms) = preSolution
		Debug|Any CPU = Debug|Any CPU
		Release|Any CPU = Release|Any CPU
	EndGlobalSection
	GlobalSection(ProjectConfigurationPlatforms) = postSolution
		{EE426831-EFA4-4C74-AB62-ABF6BF8A72FB}.Debug|Any CPU.ActiveCfg = Debug|Any CPU
		{EE426831-EFA4-4C74-AB62-ABF6BF8A72FB}.Debug|Any CPU.Build.0 = Debug|Any CPU
		{EE426831-EFA4-4C74-AB62-ABF6BF8A72FB}.Release|Any CPU.ActiveCfg = Release|Any CPU
		{EE426831-EFA4-4C74-AB62-ABF6BF8A72FB}.Release|Any CPU.Build.0 = Release|Any CPU
		{0B5C337B-02F6-4527-B76F-4F47E70E5E6D}.Debug|Any CPU.ActiveCfg = Debug|Any CPU
		{0B5C337B-02F6-4527-B76F-4F47E70E5E6D}.Debug|Any CPU.Build.0 = Debug|Any CPU
		{0B5C337B-02F6-4527-B76F-4F47E70E5E6D}.Release|Any CPU.ActiveCfg = Release|Any CPU
		{0B5C337B-02F6-4527-B76F-4F47E70E5E6D}.Release|Any CPU.Build.0 = Release|Any CPU
	EndGlobalSection
	GlobalSection(SolutionProperties) = preSolution
		HideSolutionNode = FALSE
	EndGlobalSection
	GlobalSection(ExtensibilityGlobals) = postSolution
		SolutionGuid = {503707FC-B0BE-4BE2-AEA7-9EB4DA09B270}
	EndGlobalSection
EndGlobal
